
Microsoft Visual Studio Solution File, Format Version 12.00
# Visual Studio 14
VisualStudioVersion = 14.0.25420.1
MinimumVisualStudioVersion = 10.0.40219.1
Project("{FAE04EC0-301F-11D3-BF4B-00C04F79EFBC}") = "TuringMachine", "TuringMachine\TuringMachine.csproj", "{CDC31E71-C7B5-4FFE-8FA2-AA3EB455C7E5}"
EndProject
Global
	GlobalSection(SolutionConfigurationPlatforms) = preSolution
		Debug|Any CPU = Debug|Any CPU
		Release|Any CPU = Release|Any CPU
	EndGlobalSection
	GlobalSection(ProjectConfigurationPlatforms) = postSolution
		{CDC31E71-C7B5-4FFE-8FA2-AA3EB455C7E5}.Debug|Any CPU.ActiveCfg = Debug|Any CPU
		{CDC31E71-C7B5-4FFE-8FA2-AA3EB455C7E5}.Debug|Any CPU.Build.0 = Debug|Any CPU
		{CDC31E71-C7B5-4FFE-8FA2-AA3EB455C7E5}.Release|Any CPU.ActiveCfg = Release|Any CPU
		{CDC31E71-C7B5-4FFE-8FA2-AA3EB455C7E5}.Release|Any CPU.Build.0 = Release|Any CPU
	EndGlobalSection
	GlobalSection(SolutionProperties) = preSolution
		HideSolutionNode = FALSE
	EndGlobalSection
EndGlobal
